// !$*UTF8*$!
{
	archiveVersion = 1;
	classes = {
	};
	objectVersion = 50;
	objects = {

/* Begin PBXBuildFile section */
		0412E8472864F77D444B931B /* Pods_genomelinks.framework in Frameworks */ = {isa = PBXBuildFile; fileRef = A16CA633E5625DAABA8005E9 /* Pods_genomelinks.framework */; };
		1634706A21222B8F00C8BFED /* RootViewController.swift in Sources */ = {isa = PBXBuildFile; fileRef = 1634706921222B8F00C8BFED /* RootViewController.swift */; };
		1634706C21222E5400C8BFED /* TagsTableViewCell.swift in Sources */ = {isa = PBXBuildFile; fileRef = 1634706B21222E5400C8BFED /* TagsTableViewCell.swift */; };
		1634706E21222F6400C8BFED /* TagsViewCell.swift in Sources */ = {isa = PBXBuildFile; fileRef = 1634706D21222F6400C8BFED /* TagsViewCell.swift */; };
		1634707021222FBE00C8BFED /* EventTableViewCell.swift in Sources */ = {isa = PBXBuildFile; fileRef = 1634706F21222FBE00C8BFED /* EventTableViewCell.swift */; };
		94471000211CE9B2006E1418 /* GoogleService-Info.plist in Resources */ = {isa = PBXBuildFile; fileRef = 94470FFF211CE9B2006E1418 /* GoogleService-Info.plist */; };
		9464B246211521A40010AE19 /* AppDelegate.swift in Sources */ = {isa = PBXBuildFile; fileRef = 9464B245211521A40010AE19 /* AppDelegate.swift */; };
		9464B248211521A40010AE19 /* ViewController.swift in Sources */ = {isa = PBXBuildFile; fileRef = 9464B247211521A40010AE19 /* ViewController.swift */; };
		9464B24B211521A40010AE19 /* Main.storyboard in Resources */ = {isa = PBXBuildFile; fileRef = 9464B249211521A40010AE19 /* Main.storyboard */; };
		9464B24D211521A70010AE19 /* Assets.xcassets in Resources */ = {isa = PBXBuildFile; fileRef = 9464B24C211521A70010AE19 /* Assets.xcassets */; };
		9464B250211521A70010AE19 /* LaunchScreen.storyboard in Resources */ = {isa = PBXBuildFile; fileRef = 9464B24E211521A70010AE19 /* LaunchScreen.storyboard */; };
		94C32BA0211CECE20022FF20 /* Event.storyboard in Resources */ = {isa = PBXBuildFile; fileRef = 94C32B9F211CECE20022FF20 /* Event.storyboard */; };
		94C32BA2211CED070022FF20 /* AddEvent.storyboard in Resources */ = {isa = PBXBuildFile; fileRef = 94C32BA1211CED070022FF20 /* AddEvent.storyboard */; };
		94D6F79A212237E60003229F /* AddEvent.swift in Sources */ = {isa = PBXBuildFile; fileRef = 94D6F799212237E60003229F /* AddEvent.swift */; };
/* End PBXBuildFile section */

/* Begin PBXFileReference section */
		1634706921222B8F00C8BFED /* RootViewController.swift */ = {isa = PBXFileReference; lastKnownFileType = sourcecode.swift; path = RootViewController.swift; sourceTree = "<group>"; };
		1634706B21222E5400C8BFED /* TagsTableViewCell.swift */ = {isa = PBXFileReference; lastKnownFileType = sourcecode.swift; path = TagsTableViewCell.swift; sourceTree = "<group>"; };
		1634706D21222F6400C8BFED /* TagsViewCell.swift */ = {isa = PBXFileReference; lastKnownFileType = sourcecode.swift; path = TagsViewCell.swift; sourceTree = "<group>"; };
		1634706F21222FBE00C8BFED /* EventTableViewCell.swift */ = {isa = PBXFileReference; lastKnownFileType = sourcecode.swift; path = EventTableViewCell.swift; sourceTree = "<group>"; };
		7D356C58CB852CE5A15B2421 /* Pods-genomelinks.release.xcconfig */ = {isa = PBXFileReference; includeInIndex = 1; lastKnownFileType = text.xcconfig; name = "Pods-genomelinks.release.xcconfig"; path = "Pods/Target Support Files/Pods-genomelinks/Pods-genomelinks.release.xcconfig"; sourceTree = "<group>"; };
		94470FFF211CE9B2006E1418 /* GoogleService-Info.plist */ = {isa = PBXFileReference; fileEncoding = 4; lastKnownFileType = text.plist.xml; path = "GoogleService-Info.plist"; sourceTree = "<group>"; };
		9464B242211521A40010AE19 /* genomelinks.app */ = {isa = PBXFileReference; explicitFileType = wrapper.application; includeInIndex = 0; path = genomelinks.app; sourceTree = BUILT_PRODUCTS_DIR; };
		9464B245211521A40010AE19 /* AppDelegate.swift */ = {isa = PBXFileReference; lastKnownFileType = sourcecode.swift; path = AppDelegate.swift; sourceTree = "<group>"; };
		9464B247211521A40010AE19 /* ViewController.swift */ = {isa = PBXFileReference; lastKnownFileType = sourcecode.swift; path = ViewController.swift; sourceTree = "<group>"; };
		9464B24A211521A40010AE19 /* Base */ = {isa = PBXFileReference; lastKnownFileType = file.storyboard; name = Base; path = Base.lproj/Main.storyboard; sourceTree = "<group>"; };
		9464B24C211521A70010AE19 /* Assets.xcassets */ = {isa = PBXFileReference; lastKnownFileType = folder.assetcatalog; path = Assets.xcassets; sourceTree = "<group>"; };
		9464B24F211521A70010AE19 /* Base */ = {isa = PBXFileReference; lastKnownFileType = file.storyboard; name = Base; path = Base.lproj/LaunchScreen.storyboard; sourceTree = "<group>"; };
		9464B251211521A70010AE19 /* Info.plist */ = {isa = PBXFileReference; lastKnownFileType = text.plist.xml; path = Info.plist; sourceTree = "<group>"; };
		94C32B9F211CECE20022FF20 /* Event.storyboard */ = {isa = PBXFileReference; lastKnownFileType = file.storyboard; path = Event.storyboard; sourceTree = "<group>"; };
		94C32BA1211CED070022FF20 /* AddEvent.storyboard */ = {isa = PBXFileReference; lastKnownFileType = file.storyboard; path = AddEvent.storyboard; sourceTree = "<group>"; };
		94D6F799212237E60003229F /* AddEvent.swift */ = {isa = PBXFileReference; lastKnownFileType = sourcecode.swift; path = AddEvent.swift; sourceTree = "<group>"; };
		A16CA633E5625DAABA8005E9 /* Pods_genomelinks.framework */ = {isa = PBXFileReference; explicitFileType = wrapper.framework; includeInIndex = 0; path = Pods_genomelinks.framework; sourceTree = BUILT_PRODUCTS_DIR; };
		C5AC4582D495D8B5FB5118D5 /* Pods-genomelinks.debug.xcconfig */ = {isa = PBXFileReference; includeInIndex = 1; lastKnownFileType = text.xcconfig; name = "Pods-genomelinks.debug.xcconfig"; path = "Pods/Target Support Files/Pods-genomelinks/Pods-genomelinks.debug.xcconfig"; sourceTree = "<group>"; };
/* End PBXFileReference section */

/* Begin PBXFrameworksBuildPhase section */
		9464B23F211521A40010AE19 /* Frameworks */ = {
			isa = PBXFrameworksBuildPhase;
			buildActionMask = 2147483647;
			files = (
				0412E8472864F77D444B931B /* Pods_genomelinks.framework in Frameworks */,
			);
			runOnlyForDeploymentPostprocessing = 0;
		};
/* End PBXFrameworksBuildPhase section */

/* Begin PBXGroup section */
		9464B239211521A40010AE19 = {
			isa = PBXGroup;
			children = (
				9464B244211521A40010AE19 /* genomelinks */,
				9464B243211521A40010AE19 /* Products */,
				D7E513E8972F07D3BBD95114 /* Pods */,
				FCE959C0E2A1BFA0BEC13888 /* Frameworks */,
			);
			sourceTree = "<group>";
		};
		9464B243211521A40010AE19 /* Products */ = {
			isa = PBXGroup;
			children = (
				9464B242211521A40010AE19 /* genomelinks.app */,
			);
			name = Products;
			sourceTree = "<group>";
		};
		9464B244211521A40010AE19 /* genomelinks */ = {
			isa = PBXGroup;
			children = (
				9464B245211521A40010AE19 /* AppDelegate.swift */,
				9464B247211521A40010AE19 /* ViewController.swift */,
				9464B249211521A40010AE19 /* Main.storyboard */,
				9464B24C211521A70010AE19 /* Assets.xcassets */,
				9464B24E211521A70010AE19 /* LaunchScreen.storyboard */,
				9464B251211521A70010AE19 /* Info.plist */,
				94470FFF211CE9B2006E1418 /* GoogleService-Info.plist */,
				94C32B9F211CECE20022FF20 /* Event.storyboard */,
				94C32BA1211CED070022FF20 /* AddEvent.storyboard */,
				1634706921222B8F00C8BFED /* RootViewController.swift */,
				1634706B21222E5400C8BFED /* TagsTableViewCell.swift */,
				1634706D21222F6400C8BFED /* TagsViewCell.swift */,
				1634706F21222FBE00C8BFED /* EventTableViewCell.swift */,
				94D6F799212237E60003229F /* AddEvent.swift */,
			);
			path = genomelinks;
			sourceTree = "<group>";
		};
		D7E513E8972F07D3BBD95114 /* Pods */ = {
			isa = PBXGroup;
			children = (
				C5AC4582D495D8B5FB5118D5 /* Pods-genomelinks.debug.xcconfig */,
				7D356C58CB852CE5A15B2421 /* Pods-genomelinks.release.xcconfig */,
			);
			name = Pods;
			sourceTree = "<group>";
		};
		FCE959C0E2A1BFA0BEC13888 /* Frameworks */ = {
			isa = PBXGroup;
			children = (
				A16CA633E5625DAABA8005E9 /* Pods_genomelinks.framework */,
			);
			name = Frameworks;
			sourceTree = "<group>";
		};
/* End PBXGroup section */

/* Begin PBXNativeTarget section */
		9464B241211521A40010AE19 /* genomelinks */ = {
			isa = PBXNativeTarget;
			buildConfigurationList = 9464B254211521A70010AE19 /* Build configuration list for PBXNativeTarget "genomelinks" */;
			buildPhases = (
				0FB99EE10A60D2965CF0C5F7 /* [CP] Check Pods Manifest.lock */,
				9464B23E211521A40010AE19 /* Sources */,
				9464B23F211521A40010AE19 /* Frameworks */,
				9464B240211521A40010AE19 /* Resources */,
				C96BF3A28E5D6471722C672B /* [CP] Embed Pods Frameworks */,
			);
			buildRules = (
			);
			dependencies = (
			);
			name = genomelinks;
			productName = genomelinks;
			productReference = 9464B242211521A40010AE19 /* genomelinks.app */;
			productType = "com.apple.product-type.application";
		};
/* End PBXNativeTarget section */

/* Begin PBXProject section */
		9464B23A211521A40010AE19 /* Project object */ = {
			isa = PBXProject;
			attributes = {
				LastSwiftUpdateCheck = 0930;
				LastUpgradeCheck = 0930;
				ORGANIZATIONNAME = "Ahmed Mousa";
				TargetAttributes = {
					9464B241211521A40010AE19 = {
						CreatedOnToolsVersion = 9.3;
					};
				};
			};
			buildConfigurationList = 9464B23D211521A40010AE19 /* Build configuration list for PBXProject "genomelinks" */;
			compatibilityVersion = "Xcode 9.3";
			developmentRegion = en;
			hasScannedForEncodings = 0;
			knownRegions = (
				en,
				Base,
			);
			mainGroup = 9464B239211521A40010AE19;
			productRefGroup = 9464B243211521A40010AE19 /* Products */;
			projectDirPath = "";
			projectRoot = "";
			targets = (
				9464B241211521A40010AE19 /* genomelinks */,
			);
		};
/* End PBXProject section */

/* Begin PBXResourcesBuildPhase section */
		9464B240211521A40010AE19 /* Resources */ = {
			isa = PBXResourcesBuildPhase;
			buildActionMask = 2147483647;
			files = (
				9464B250211521A70010AE19 /* LaunchScreen.storyboard in Resources */,
				94C32BA2211CED070022FF20 /* AddEvent.storyboard in Resources */,
				94C32BA0211CECE20022FF20 /* Event.storyboard in Resources */,
				94471000211CE9B2006E1418 /* GoogleService-Info.plist in Resources */,
				9464B24D211521A70010AE19 /* Assets.xcassets in Resources */,
				9464B24B211521A40010AE19 /* Main.storyboard in Resources */,
			);
			runOnlyForDeploymentPostprocessing = 0;
		};
/* End PBXResourcesBuildPhase section */

/* Begin PBXShellScriptBuildPhase section */
		0FB99EE10A60D2965CF0C5F7 /* [CP] Check Pods Manifest.lock */ = {
			isa = PBXShellScriptBuildPhase;
			buildActionMask = 2147483647;
			files = (
			);
			inputPaths = (
				"${PODS_PODFILE_DIR_PATH}/Podfile.lock",
				"${PODS_ROOT}/Manifest.lock",
			);
			name = "[CP] Check Pods Manifest.lock";
			outputPaths = (
				"$(DERIVED_FILE_DIR)/Pods-genomelinks-checkManifestLockResult.txt",
			);
			runOnlyForDeploymentPostprocessing = 0;
			shellPath = /bin/sh;
			shellScript = "diff \"${PODS_PODFILE_DIR_PATH}/Podfile.lock\" \"${PODS_ROOT}/Manifest.lock\" > /dev/null\nif [ $? != 0 ] ; then\n    # print error to STDERR\n    echo \"error: The sandbox is not in sync with the Podfile.lock. Run 'pod install' or update your CocoaPods installation.\" >&2\n    exit 1\nfi\n# This output is used by Xcode 'outputs' to avoid re-running this script phase.\necho \"SUCCESS\" > \"${SCRIPT_OUTPUT_FILE_0}\"\n";
			showEnvVarsInLog = 0;
		};
		C96BF3A28E5D6471722C672B /* [CP] Embed Pods Frameworks */ = {
			isa = PBXShellScriptBuildPhase;
			buildActionMask = 2147483647;
			files = (
			);
			inputPaths = (
				"${SRCROOT}/Pods/Target Support Files/Pods-genomelinks/Pods-genomelinks-frameworks.sh",
				"${BUILT_PRODUCTS_DIR}/GoogleToolboxForMac/GoogleToolboxForMac.framework",
				"${BUILT_PRODUCTS_DIR}/OAuthSwift/OAuthSwift.framework",
				"${BUILT_PRODUCTS_DIR}/leveldb-library/leveldb.framework",
				"${BUILT_PRODUCTS_DIR}/nanopb/nanopb.framework",
			);
			name = "[CP] Embed Pods Frameworks";
			outputPaths = (
				"${TARGET_BUILD_DIR}/${FRAMEWORKS_FOLDER_PATH}/GoogleToolboxForMac.framework",
				"${TARGET_BUILD_DIR}/${FRAMEWORKS_FOLDER_PATH}/OAuthSwift.framework",
				"${TARGET_BUILD_DIR}/${FRAMEWORKS_FOLDER_PATH}/leveldb.framework",
				"${TARGET_BUILD_DIR}/${FRAMEWORKS_FOLDER_PATH}/nanopb.framework",
			);
			runOnlyForDeploymentPostprocessing = 0;
			shellPath = /bin/sh;
			shellScript = "\"${SRCROOT}/Pods/Target Support Files/Pods-genomelinks/Pods-genomelinks-frameworks.sh\"\n";
			showEnvVarsInLog = 0;
		};
/* End PBXShellScriptBuildPhase section */

/* Begin PBXSourcesBuildPhase section */
		9464B23E211521A40010AE19 /* Sources */ = {
			isa = PBXSourcesBuildPhase;
			buildActionMask = 2147483647;
			files = (
				1634706C21222E5400C8BFED /* TagsTableViewCell.swift in Sources */,
				1634706E21222F6400C8BFED /* TagsViewCell.swift in Sources */,
				9464B248211521A40010AE19 /* ViewController.swift in Sources */,
				9464B246211521A40010AE19 /* AppDelegate.swift in Sources */,
				1634706A21222B8F00C8BFED /* RootViewController.swift in Sources */,
				94D6F79A212237E60003229F /* AddEvent.swift in Sources */,
				1634707021222FBE00C8BFED /* EventTableViewCell.swift in Sources */,
			);
			runOnlyForDeploymentPostprocessing = 0;
		};
/* End PBXSourcesBuildPhase section */

/* Begin PBXVariantGroup section */
		9464B249211521A40010AE19 /* Main.storyboard */ = {
			isa = PBXVariantGroup;
			children = (
				9464B24A211521A40010AE19 /* Base */,
			);
			name = Main.storyboard;
			sourceTree = "<group>";
		};
		9464B24E211521A70010AE19 /* LaunchScreen.storyboard */ = {
			isa = PBXVariantGroup;
			children = (
				9464B24F211521A70010AE19 /* Base */,
			);
			name = LaunchScreen.storyboard;
			sourceTree = "<group>";
		};
/* End PBXVariantGroup section */

/* Begin XCBuildConfiguration section */
		9464B252211521A70010AE19 /* Debug */ = {
			isa = XCBuildConfiguration;
			buildSettings = {
				ALWAYS_SEARCH_USER_PATHS = NO;
				CLANG_ANALYZER_NONNULL = YES;
				CLANG_ANALYZER_NUMBER_OBJECT_CONVERSION = YES_AGGRESSIVE;
				CLANG_CXX_LANGUAGE_STANDARD = "gnu++14";
				CLANG_CXX_LIBRARY = "libc++";
				CLANG_ENABLE_MODULES = YES;
				CLANG_ENABLE_OBJC_ARC = YES;
				CLANG_ENABLE_OBJC_WEAK = YES;
				CLANG_WARN_BLOCK_CAPTURE_AUTORELEASING = YES;
				CLANG_WARN_BOOL_CONVERSION = YES;
				CLANG_WARN_COMMA = YES;
				CLANG_WARN_CONSTANT_CONVERSION = YES;
				CLANG_WARN_DEPRECATED_OBJC_IMPLEMENTATIONS = YES;
				CLANG_WARN_DIRECT_OBJC_ISA_USAGE = YES_ERROR;
				CLANG_WARN_DOCUMENTATION_COMMENTS = YES;
				CLANG_WARN_EMPTY_BODY = YES;
				CLANG_WARN_ENUM_CONVERSION = YES;
				CLANG_WARN_INFINITE_RECURSION = YES;
				CLANG_WARN_INT_CONVERSION = YES;
				CLANG_WARN_NON_LITERAL_NULL_CONVERSION = YES;
				CLANG_WARN_OBJC_IMPLICIT_RETAIN_SELF = YES;
				CLANG_WARN_OBJC_LITERAL_CONVERSION = YES;
				CLANG_WARN_OBJC_ROOT_CLASS = YES_ERROR;
				CLANG_WARN_RANGE_LOOP_ANALYSIS = YES;
				CLANG_WARN_STRICT_PROTOTYPES = YES;
				CLANG_WARN_SUSPICIOUS_MOVE = YES;
				CLANG_WARN_UNGUARDED_AVAILABILITY = YES_AGGRESSIVE;
				CLANG_WARN_UNREACHABLE_CODE = YES;
				CLANG_WARN__DUPLICATE_METHOD_MATCH = YES;
				CODE_SIGN_IDENTITY = "iPhone Developer";
				COPY_PHASE_STRIP = NO;
				DEBUG_INFORMATION_FORMAT = dwarf;
				ENABLE_STRICT_OBJC_MSGSEND = YES;
				ENABLE_TESTABILITY = YES;
				GCC_C_LANGUAGE_STANDARD = gnu11;
				GCC_DYNAMIC_NO_PIC = NO;
				GCC_NO_COMMON_BLOCKS = YES;
				GCC_OPTIMIZATION_LEVEL = 0;
				GCC_PREPROCESSOR_DEFINITIONS = (
					"DEBUG=1",
					"$(inherited)",
				);
				GCC_WARN_64_TO_32_BIT_CONVERSION = YES;
				GCC_WARN_ABOUT_RETURN_TYPE = YES_ERROR;
				GCC_WARN_UNDECLARED_SELECTOR = YES;
				GCC_WARN_UNINITIALIZED_AUTOS = YES_AGGRESSIVE;
				GCC_WARN_UNUSED_FUNCTION = YES;
				GCC_WARN_UNUSED_VARIABLE = YES;
				IPHONEOS_DEPLOYMENT_TARGET = 11.3;
				MTL_ENABLE_DEBUG_INFO = YES;
				ONLY_ACTIVE_ARCH = YES;
				SDKROOT = iphoneos;
				SWIFT_ACTIVE_COMPILATION_CONDITIONS = DEBUG;
				SWIFT_OPTIMIZATION_LEVEL = "-Onone";
			};
			name = Debug;
		};
		9464B253211521A70010AE19 /* Release */ = {
			isa = XCBuildConfiguration;
			buildSettings = {
				ALWAYS_SEARCH_USER_PATHS = NO;
				CLANG_ANALYZER_NONNULL = YES;
				CLANG_ANALYZER_NUMBER_OBJECT_CONVERSION = YES_AGGRESSIVE;
				CLANG_CXX_LANGUAGE_STANDARD = "gnu++14";
				CLANG_CXX_LIBRARY = "libc++";
				CLANG_ENABLE_MODULES = YES;
				CLANG_ENABLE_OBJC_ARC = YES;
				CLANG_ENABLE_OBJC_WEAK = YES;
				CLANG_WARN_BLOCK_CAPTURE_AUTORELEASING = YES;
				CLANG_WARN_BOOL_CONVERSION = YES;
				CLANG_WARN_COMMA = YES;
				CLANG_WARN_CONSTANT_CONVERSION = YES;
				CLANG_WARN_DEPRECATED_OBJC_IMPLEMENTATIONS = YES;
				CLANG_WARN_DIRECT_OBJC_ISA_USAGE = YES_ERROR;
				CLANG_WARN_DOCUMENTATION_COMMENTS = YES;
				CLANG_WARN_EMPTY_BODY = YES;
				CLANG_WARN_ENUM_CONVERSION = YES;
				CLANG_WARN_INFINITE_RECURSION = YES;
				CLANG_WARN_INT_CONVERSION = YES;
				CLANG_WARN_NON_LITERAL_NULL_CONVERSION = YES;
				CLANG_WARN_OBJC_IMPLICIT_RETAIN_SELF = YES;
				CLANG_WARN_OBJC_LITERAL_CONVERSION = YES;
				CLANG_WARN_OBJC_ROOT_CLASS = YES_ERROR;
				CLANG_WARN_RANGE_LOOP_ANALYSIS = YES;
				CLANG_WARN_STRICT_PROTOTYPES = YES;
				CLANG_WARN_SUSPICIOUS_MOVE = YES;
				CLANG_WARN_UNGUARDED_AVAILABILITY = YES_AGGRESSIVE;
				CLANG_WARN_UNREACHABLE_CODE = YES;
				CLANG_WARN__DUPLICATE_METHOD_MATCH = YES;
				CODE_SIGN_IDENTITY = "iPhone Developer";
				COPY_PHASE_STRIP = NO;
				DEBUG_INFORMATION_FORMAT = "dwarf-with-dsym";
				ENABLE_NS_ASSERTIONS = NO;
				ENABLE_STRICT_OBJC_MSGSEND = YES;
				GCC_C_LANGUAGE_STANDARD = gnu11;
				GCC_NO_COMMON_BLOCKS = YES;
				GCC_WARN_64_TO_32_BIT_CONVERSION = YES;
				GCC_WARN_ABOUT_RETURN_TYPE = YES_ERROR;
				GCC_WARN_UNDECLARED_SELECTOR = YES;
				GCC_WARN_UNINITIALIZED_AUTOS = YES_AGGRESSIVE;
				GCC_WARN_UNUSED_FUNCTION = YES;
				GCC_WARN_UNUSED_VARIABLE = YES;
				IPHONEOS_DEPLOYMENT_TARGET = 11.3;
				MTL_ENABLE_DEBUG_INFO = NO;
				SDKROOT = iphoneos;
				SWIFT_COMPILATION_MODE = wholemodule;
				SWIFT_OPTIMIZATION_LEVEL = "-O";
				VALIDATE_PRODUCT = YES;
			};
			name = Release;
		};
		9464B255211521A70010AE19 /* Debug */ = {
			isa = XCBuildConfiguration;
			baseConfigurationReference = C5AC4582D495D8B5FB5118D5 /* Pods-genomelinks.debug.xcconfig */;
			buildSettings = {
				ASSETCATALOG_COMPILER_APPICON_NAME = AppIcon;
				CODE_SIGN_STYLE = Automatic;
				DEVELOPMENT_TEAM = MASXSG88H5;
				INFOPLIST_FILE = genomelinks/Info.plist;
				LD_RUNPATH_SEARCH_PATHS = (
					"$(inherited)",
					"@executable_path/Frameworks",
				);
				PRODUCT_BUNDLE_IDENTIFIER = Mousapps.genomelinks;
				PRODUCT_NAME = "$(TARGET_NAME)";
				SWIFT_VERSION = 4.0;
				TARGETED_DEVICE_FAMILY = "1,2";
			};
			name = Debug;
		};
		9464B256211521A70010AE19 /* Release */ = {
			isa = XCBuildConfiguration;
			baseConfigurationReference = 7D356C58CB852CE5A15B2421 /* Pods-genomelinks.release.xcconfig */;
			buildSettings = {
				ASSETCATALOG_COMPILER_APPICON_NAME = AppIcon;
				CODE_SIGN_STYLE = Automatic;
				DEVELOPMENT_TEAM = MASXSG88H5;
				INFOPLIST_FILE = genomelinks/Info.plist;
				LD_RUNPATH_SEARCH_PATHS = (
					"$(inherited)",
					"@executable_path/Frameworks",
				);
				PRODUCT_BUNDLE_IDENTIFIER = Mousapps.genomelinks;
				PRODUCT_NAME = "$(TARGET_NAME)";
				SWIFT_VERSION = 4.0;
				TARGETED_DEVICE_FAMILY = "1,2";
			};
			name = Release;
		};
/* End XCBuildConfiguration section */

/* Begin XCConfigurationList section */
		9464B23D211521A40010AE19 /* Build configuration list for PBXProject "genomelinks" */ = {
			isa = XCConfigurationList;
			buildConfigurations = (
				9464B252211521A70010AE19 /* Debug */,
				9464B253211521A70010AE19 /* Release */,
			);
			defaultConfigurationIsVisible = 0;
			defaultConfigurationName = Release;
		};
		9464B254211521A70010AE19 /* Build configuration list for PBXNativeTarget "genomelinks" */ = {
			isa = XCConfigurationList;
			buildConfigurations = (
				9464B255211521A70010AE19 /* Debug */,
				9464B256211521A70010AE19 /* Release */,
			);
			defaultConfigurationIsVisible = 0;
			defaultConfigurationName = Release;
		};
/* End XCConfigurationList section */
	};
	rootObject = 9464B23A211521A40010AE19 /* Project object */;
}
